
Microsoft Visual Studio Solution File, Format Version 12.00
# Visual Studio Version 17
VisualStudioVersion = 17.5.33627.172
MinimumVisualStudioVersion = 10.0.40219.1
Project("{9A19103F-16F7-4668-BE54-9A1E7A4F7556}") = "SendingEmailWithASPNETCore", "SendingEmailWithASPNETCore.csproj", "{AC452C7E-5B1F-4A05-ABF6-F7FFBA502BDE}"
EndProject
Project("{FAE04EC0-301F-11D3-BF4B-00C04F79EFBC}") = "ShipmentInformation", "..\ShipmentInformation\ShipmentInformation.csproj", "{C61A4D69-0274-405F-A4C5-4D288C927A0F}"
EndProject
Global
	GlobalSection(SolutionConfigurationPlatforms) = preSolution
		Debug|Any CPU = Debug|Any CPU
		Release|Any CPU = Release|Any CPU
	EndGlobalSection
	GlobalSection(ProjectConfigurationPlatforms) = postSolution
		{AC452C7E-5B1F-4A05-ABF6-F7FFBA502BDE}.Debug|Any CPU.ActiveCfg = Debug|Any CPU
		{AC452C7E-5B1F-4A05-ABF6-F7FFBA502BDE}.Debug|Any CPU.Build.0 = Debug|Any CPU
		{AC452C7E-5B1F-4A05-ABF6-F7FFBA502BDE}.Release|Any CPU.ActiveCfg = Release|Any CPU
		{AC452C7E-5B1F-4A05-ABF6-F7FFBA502BDE}.Release|Any CPU.Build.0 = Release|Any CPU
		{C61A4D69-0274-405F-A4C5-4D288C927A0F}.Debug|Any CPU.ActiveCfg = Debug|Any CPU
		{C61A4D69-0274-405F-A4C5-4D288C927A0F}.Debug|Any CPU.Build.0 = Debug|Any CPU
		{C61A4D69-0274-405F-A4C5-4D288C927A0F}.Release|Any CPU.ActiveCfg = Release|Any CPU
		{C61A4D69-0274-405F-A4C5-4D288C927A0F}.Release|Any CPU.Build.0 = Release|Any CPU
	EndGlobalSection
	GlobalSection(SolutionProperties) = preSolution
		HideSolutionNode = FALSE
	EndGlobalSection
	GlobalSection(ExtensibilityGlobals) = postSolution
		SolutionGuid = {E51972FB-29BA-48CE-9B26-2961CC137D97}
	EndGlobalSection
EndGlobal
